{
  "nodes": {
    "bufresize-nvim": {
      "flake": false,
      "locked": {
        "lastModified": 1647824331,
        "narHash": "sha256-6jqlKe8Ekm+3dvlgFCpJnI0BZzWC3KDYoOb88/itH+g=",
        "owner": "kwkarlwang",
        "repo": "bufresize.nvim",
        "rev": "3b19527ab936d6910484dcc20fb59bdb12322d8b",
        "type": "github"
      },
      "original": {
        "owner": "kwkarlwang",
        "repo": "bufresize.nvim",
        "type": "github"
      }
    },
    "flake-parts": {
      "inputs": {
        "nixpkgs-lib": [
          "nixpkgs"
        ]
      },
      "locked": {
        "lastModified": 1788450739,
        "narHash": "sha256-glZLQlzIn1fXH6PazR2iUmTo7kzzyYSshrWhLS9TqCU=",
        "owner": "hercules-ci",
        "repo": "flake-parts",
        "rev": "31729ca8cbdb4fa927b34e5f4353e6a83f39e993",
        "type": "github"
      },
      "original": {
        "owner": "hercules-ci",
        "repo": "flake-parts",
        "type": "github"
      }
    },
    "flake-parts_2": {
      "inputs": {
        "nixpkgs-lib": [
          "nixvim",
          "nixpkgs"
        ]
      },
      "locked": {
        "lastModified": 1788450739,
        "narHash": "sha256-glZLQlzIn1fXH6PazR2iUmTo7kzzyYSshrWhLS9TqCU=",
        "owner": "hercules-ci",
        "repo": "flake-parts",
        "rev": "31729ca8cbdb4fa927b34e5f4353e6a83f39e993",
        "type": "github"
      },
      "original": {
        "owner": "hercules-ci",
        "repo": "flake-parts",
        "type": "github"
      }
    },
    "lsp-progress-nvim": {
      "flake": false,
      "locked": {
        "lastModified": 1770008957,
        "narHash": "sha256-6qSh2tOoopTURzqNUBk2VDbSiz4ZlYRtO8hkg8OkPUs=",
        "owner": "linrongbin16",
        "repo": "lsp-progress.nvim",
        "rev": "f6d5af10563b895ff846346f57cbd4451439f4c1",
        "type": "github"
      },
      "original": {
        "owner": "linrongbin16",
        "repo": "lsp-progress.nvim",
        "type": "github"
      }
    },
    "nixpkgs": {
      "locked": {
        "lastModified": 1790510107,
        "narHash": "sha256-EVMNYv7hYDDD9TGVT/hIyTYgpiXA8y3m5xIEIxuGNU0=",
        "owner": "nixos",
        "repo": "nixpkgs",
        "rev": "3181085bfd08663b6b9e60bc7a8395c2aaa741bd",
        "type": "github"
      },
      "original": {
        "owner": "nixos",
        "ref": "nixpkgs-unstable",
        "repo": "nixpkgs",
        "type": "github"
      }
    },
    "nixvim": {
      "inputs": {
        "flake-parts": "flake-parts_2",
        "nixpkgs": [
          "nixpkgs"
        ],
        "systems": "systems"
      },
      "locked": {
        "lastModified": 1790541651,
        "narHash": "sha256-/496IQz8qNWHHLnc3Zvr0l4uxJ34igNhJhn7ZKAefFk=",
        "owner": "nix-community",
        "repo": "nixvim",
        "rev": "5980a626794486abad69fca7667f9c11dfbc3bd7",
        "type": "github"
      },
      "original": {
        "owner": "nix-community",
        "repo": "nixvim",
        "type": "github"
      }
    },
    "root": {
      "inputs": {
        "bufresize-nvim": "bufresize-nvim",
        "flake-parts": "flake-parts",
        "lsp-progress-nvim": "lsp-progress-nvim",
        "nixpkgs": "nixpkgs",
        "nixvim": "nixvim",
        "typr": "typr",
        "volt": "volt"
      }
    },
    "systems": {
      "flake": false,
      "locked": {
        "lastModified": 1774449309,
        "narHash": "sha256-brhZ8DmuGtzkCYHJg4HEd602amKm89Y9ytsFZ5uWD1w=",
        "owner": "nix-systems",
        "repo": "default",
        "rev": "c29398b59d2048c4ab79345812849c9bd15e9150",
        "type": "github"
      },
      "original": {
        "owner": "nix-systems",
        "ref": "future-26.11",
        "repo": "default",
        "type": "github"
      }
    },
    "typr": {
      "flake": false,
      "locked": {
        "lastModified": 1762650716,
        "narHash": "sha256-PNkoz91RmlZnRrdStAz5b7pGaWv27UOQU/9abYNP/5E=",
        "owner": "nvzone",
        "repo": "typr",
        "rev": "584e4ef34dea25a4035627794322f315b22d1253",
        "type": "github"
      },
      "original": {
        "owner": "nvzone",
        "repo": "typr",
        "type": "github"
      }
    },
    "volt": {
      "flake": false,
      "locked": {
        "lastModified": 1757754135,
        "narHash": "sha256-5Xao1+QXZOvqwCXL6zWpckJPO1LDb8I7wtikMRFQ3Jk=",
        "owner": "nvzone",
        "repo": "volt",
        "rev": "620de1321f275ec9d80028c68d1b88b409c0c8b1",
        "type": "github"
      },
      "original": {
        "owner": "nvzone",
        "repo": "volt",
        "type": "github"
      }
    }
  },
  "root": "root",
  "version": 7
}
