{
  "nodes": {
    "bufresize-nvim": {
      "flake": false,
      "locked": {
        "lastModified": 1647824331,
        "narHash": "sha256-6jqlKe8Ekm+3dvlgFCpJnI0BZzWC3KDYoOb88/itH+g=",
        "owner": "kwkarlwang",
        "repo": "bufresize.nvim",
        "rev": "3b19527ab936d6910484dcc20fb59bdb12322d8b",
        "type": "github"
      },
      "original": {
        "owner": "kwkarlwang",
        "repo": "bufresize.nvim",
        "type": "github"
      }
    },
    "flake-compat": {
      "flake": false,
      "locked": {
        "lastModified": 1650374568,
        "narHash": "sha256-Z+s0J8/r907g149rllvwhb4pKi8Wam5ij0st8PwAh+E=",
        "owner": "edolstra",
        "repo": "flake-compat",
        "rev": "b4a34015c698c7793d592d66adbab377907a2be8",
        "type": "github"
      },
      "original": {
        "owner": "edolstra",
        "repo": "flake-compat",
        "type": "github"
      }
    },
    "flake-parts": {
      "inputs": {
        "nixpkgs-lib": [
          "nixvim",
          "nixpkgs"
        ]
      },
      "locked": {
        "lastModified": 1782949081,
        "narHash": "sha256-vp6Y/Grm98ESt6ceOkWiHWyZRDV3J1RID4w+6NWK9yA=",
        "owner": "hercules-ci",
        "repo": "flake-parts",
        "rev": "17c9d6cdfc60c64f4ee8d306f9bc0b4ccb51481e",
        "type": "github"
      },
      "original": {
        "owner": "hercules-ci",
        "repo": "flake-parts",
        "type": "github"
      }
    },
    "flake-utils": {
      "inputs": {
        "systems": "systems_2"
      },
      "locked": {
        "lastModified": 1694529238,
        "narHash": "sha256-zsNZZGTGnMOf9YpHKJqMSsa0dXbfmxeoJ7xHlrt+xmY=",
        "owner": "numtide",
        "repo": "flake-utils",
        "rev": "ff7b65b44d01cf9ba6a71320833626af21126384",
        "type": "github"
      },
      "original": {
        "owner": "numtide",
        "repo": "flake-utils",
        "type": "github"
      }
    },
    "flake-utils-plus": {
      "inputs": {
        "flake-utils": "flake-utils"
      },
      "locked": {
        "lastModified": 1715533576,
        "narHash": "sha256-fT4ppWeCJ0uR300EH3i7kmgRZnAVxrH+XtK09jQWihk=",
        "owner": "gytis-ivaskevicius",
        "repo": "flake-utils-plus",
        "rev": "3542fe9126dc492e53ddd252bb0260fe035f2c0f",
        "type": "github"
      },
      "original": {
        "owner": "gytis-ivaskevicius",
        "repo": "flake-utils-plus",
        "rev": "3542fe9126dc492e53ddd252bb0260fe035f2c0f",
        "type": "github"
      }
    },
    "lsp-progress-nvim": {
      "flake": false,
      "locked": {
        "lastModified": 1734338835,
        "narHash": "sha256-WLBNiUzylljTof52+bZgiMIPjzEFeCEq3eSamdo467M=",
        "owner": "linrongbin16",
        "repo": "lsp-progress.nvim",
        "rev": "f3df1df8f5ea33d082db047b5d2d2b83cc01cd8a",
        "type": "github"
      },
      "original": {
        "owner": "linrongbin16",
        "repo": "lsp-progress.nvim",
        "type": "github"
      }
    },
    "nixpkgs": {
      "locked": {
        "lastModified": 1785747939,
        "narHash": "sha256-D740uKsMbgsfK2oaDenJLLPIZfq7W0/g4KN/Fls8eKs=",
        "owner": "nixos",
        "repo": "nixpkgs",
        "rev": "104240a772428cc2e20d8fd86c9ddbb886bbaff2",
        "type": "github"
      },
      "original": {
        "owner": "nixos",
        "ref": "nixpkgs-unstable",
        "repo": "nixpkgs",
        "type": "github"
      }
    },
    "nixvim": {
      "inputs": {
        "flake-parts": "flake-parts",
        "nixpkgs": [
          "nixpkgs"
        ],
        "systems": "systems"
      },
      "locked": {
        "lastModified": 1785763201,
        "narHash": "sha256-wA373y/B9orM3HatLu9oS+Ke5lmdZyBl/bdjd2gLMq4=",
        "owner": "nix-community",
        "repo": "nixvim",
        "rev": "c7be49306b23a952c0151cf4bbeacd944ed82f2a",
        "type": "github"
      },
      "original": {
        "owner": "nix-community",
        "repo": "nixvim",
        "type": "github"
      }
    },
    "root": {
      "inputs": {
        "bufresize-nvim": "bufresize-nvim",
        "lsp-progress-nvim": "lsp-progress-nvim",
        "nixpkgs": "nixpkgs",
        "nixvim": "nixvim",
        "snowfall": "snowfall",
        "typr": "typr",
        "volt": "volt"
      }
    },
    "snowfall": {
      "inputs": {
        "flake-compat": "flake-compat",
        "flake-utils-plus": "flake-utils-plus",
        "nixpkgs": [
          "nixpkgs"
        ]
      },
      "locked": {
        "lastModified": 1736130495,
        "narHash": "sha256-4i9nAJEZFv7vZMmrE0YG55I3Ggrtfo5/T07JEpEZ/RM=",
        "owner": "snowfallorg",
        "repo": "lib",
        "rev": "02d941739f98a09e81f3d2d9b3ab08918958beac",
        "type": "github"
      },
      "original": {
        "owner": "snowfallorg",
        "repo": "lib",
        "type": "github"
      }
    },
    "systems": {
      "locked": {
        "lastModified": 1774449309,
        "narHash": "sha256-brhZ8DmuGtzkCYHJg4HEd602amKm89Y9ytsFZ5uWD1w=",
        "owner": "nix-systems",
        "repo": "default",
        "rev": "c29398b59d2048c4ab79345812849c9bd15e9150",
        "type": "github"
      },
      "original": {
        "owner": "nix-systems",
        "ref": "future-26.11",
        "repo": "default",
        "type": "github"
      }
    },
    "systems_2": {
      "locked": {
        "lastModified": 1681028828,
        "narHash": "sha256-Vy1rq5AaRuLzOxct8nz4T6wlgyUR7zLU309k9mBC768=",
        "owner": "nix-systems",
        "repo": "default",
        "rev": "da67096a3b9bf56a91d16901293e51ba5b49a27e",
        "type": "github"
      },
      "original": {
        "owner": "nix-systems",
        "repo": "default",
        "type": "github"
      }
    },
    "typr": {
      "flake": false,
      "locked": {
        "lastModified": 1740210175,
        "narHash": "sha256-v/2MmTUF1Iv5BlLTZkqg1D0qJTK3ODvv4jlH4TIVzNo=",
        "owner": "nvzone",
        "repo": "typr",
        "rev": "bd71e4f2dbf3c2912b475b72a0a02cb9b34edb45",
        "type": "github"
      },
      "original": {
        "owner": "nvzone",
        "repo": "typr",
        "type": "github"
      }
    },
    "volt": {
      "flake": false,
      "locked": {
        "lastModified": 1740276243,
        "narHash": "sha256-uhNPJfqq28iAGSBEDobQgNuLNThwkMqpXgRO27eTtVI=",
        "owner": "nvzone",
        "repo": "volt",
        "rev": "21a2351697abfed26d4469b88d3ab124d55a1b3f",
        "type": "github"
      },
      "original": {
        "owner": "nvzone",
        "repo": "volt",
        "type": "github"
      }
    }
  },
  "root": "root",
  "version": 7
}
